
Microsoft Visual Studio Solution File, Format Version 12.00
# Visual Studio Version 16
VisualStudioVersion = 16.0.29418.71
MinimumVisualStudioVersion = 10.0.40219.1
Project("{FAE04EC0-301F-11D3-BF4B-00C04F79EFBC}") = "PrestamosMVC5", "PrestamosMVC5\PrestamosMVC5.csproj", "{B76A0B71-46B7-4F1E-B0F2-A88E00BFED02}"
EndProject
Project("{FAE04EC0-301F-11D3-BF4B-00C04F79EFBC}") = "PrestamoEntidades", "PrestamoEntidades\PrestamoEntidades.csproj", "{64D406D9-E5D3-4AC3-9C71-57D792569980}"
EndProject
Project("{FAE04EC0-301F-11D3-BF4B-00C04F79EFBC}") = "PrestamoEntidadesTests", "PrestamoEntidadesTests\PrestamoEntidadesTests.csproj", "{3B7DB565-0112-434D-84EE-A2B206E84C16}"
EndProject
Project("{FAE04EC0-301F-11D3-BF4B-00C04F79EFBC}") = "PrestamoBLL", "PrestamoBLL\PrestamoBLL.csproj", "{C58AEAE1-26EA-4087-8BD6-C8DEAE7B3E77}"
EndProject
Project("{FAE04EC0-301F-11D3-BF4B-00C04F79EFBC}") = "PrestamoDAL", "PrestamoDAL\PrestamoDAL.csproj", "{D3616961-1B55-473D-A346-B5C0B7C948D4}"
EndProject
Project("{FAE04EC0-301F-11D3-BF4B-00C04F79EFBC}") = "PrestamoBLLTests", "PrestamoBLLTests\PrestamoBLLTests.csproj", "{073D3734-E0E0-41F8-B490-8B893FD8DBAC}"
EndProject
Project("{2150E333-8FDC-42A3-9474-1A3956D46DE8}") = "SharedDLL", "SharedDLL", "{D34D4469-0B89-48EB-83C9-822EC00CE86B}"
EndProject
Project("{2150E333-8FDC-42A3-9474-1A3956D46DE8}") = "EMTSoft", "EMTSoft", "{4A6A884D-D67B-4164-ABD7-8490D3811767}"
	ProjectSection(SolutionItems) = preProject
		SharedDLL\EMTSoft\emtSoft.BaseBLL.dll = SharedDLL\EMTSoft\emtSoft.BaseBLL.dll
		SharedDLL\EMTSoft\emtSoft.BaseClasses.dll = SharedDLL\EMTSoft\emtSoft.BaseClasses.dll
		SharedDLL\EMTSoft\emtSoft.DAL.dll = SharedDLL\EMTSoft\emtSoft.DAL.dll
		SharedDLL\EMTSoft\emtSoft.DAL.pdb = SharedDLL\EMTSoft\emtSoft.DAL.pdb
		SharedDLL\EMTSoft\emtSoft.emtControls.dll = SharedDLL\EMTSoft\emtSoft.emtControls.dll
		SharedDLL\EMTSoft\emtSoft.emtUtils.dll = SharedDLL\EMTSoft\emtSoft.emtUtils.dll
		SharedDLL\EMTSoft\emtSoft.SqlDAL.dll = SharedDLL\EMTSoft\emtSoft.SqlDAL.dll
		SharedDLL\EMTSoft\emtsys.dll = SharedDLL\EMTSoft\emtsys.dll
		SharedDLL\EMTSoft\Ionic.Utils.Zip.dll = SharedDLL\EMTSoft\Ionic.Utils.Zip.dll
		SharedDLL\EMTSoft\Net.SourceForge.Koogra.dll = SharedDLL\EMTSoft\Net.SourceForge.Koogra.dll
	EndProjectSection
EndProject
Project("{2150E333-8FDC-42A3-9474-1A3956D46DE8}") = "PcProg", "PcProg", "{5D75FCF5-00F5-440B-A889-2EC565FEDA41}"
	ProjectSection(SolutionItems) = preProject
		SharedDLL\PcProg\PcProg.Dal.dll = SharedDLL\PcProg\PcProg.Dal.dll
		SharedDLL\PcProg\PcProg.DAL.dll.config = SharedDLL\PcProg\PcProg.DAL.dll.config
		SharedDLL\PcProg\PcProg.DAL.pdb = SharedDLL\PcProg\PcProg.DAL.pdb
		SharedDLL\PcProg\PcProgSys.dll = SharedDLL\PcProg\PcProgSys.dll
		SharedDLL\PcProg\PcProgSys.dll.config = SharedDLL\PcProg\PcProgSys.dll.config
		SharedDLL\PcProg\PcProgSys.pdb = SharedDLL\PcProg\PcProgSys.pdb
		SharedDLL\PcProg\PcProgSys.XML = SharedDLL\PcProg\PcProgSys.XML
	EndProjectSection
EndProject
Project("{00D1A9C2-B5F0-4AF3-8072-F6C62B433612}") = "PrestamoDB", "PrestamoDB\PrestamoDB.sqlproj", "{EA3FF769-7BAD-40AB-9ABE-96ABE4E0BE13}"
EndProject
Global
	GlobalSection(SolutionConfigurationPlatforms) = preSolution
		Debug|Any CPU = Debug|Any CPU
		Release|Any CPU = Release|Any CPU
	EndGlobalSection
	GlobalSection(ProjectConfigurationPlatforms) = postSolution
		{B76A0B71-46B7-4F1E-B0F2-A88E00BFED02}.Debug|Any CPU.ActiveCfg = Debug|Any CPU
		{B76A0B71-46B7-4F1E-B0F2-A88E00BFED02}.Debug|Any CPU.Build.0 = Debug|Any CPU
		{B76A0B71-46B7-4F1E-B0F2-A88E00BFED02}.Release|Any CPU.ActiveCfg = Release|Any CPU
		{B76A0B71-46B7-4F1E-B0F2-A88E00BFED02}.Release|Any CPU.Build.0 = Release|Any CPU
		{64D406D9-E5D3-4AC3-9C71-57D792569980}.Debug|Any CPU.ActiveCfg = Debug|Any CPU
		{64D406D9-E5D3-4AC3-9C71-57D792569980}.Debug|Any CPU.Build.0 = Debug|Any CPU
		{64D406D9-E5D3-4AC3-9C71-57D792569980}.Release|Any CPU.ActiveCfg = Release|Any CPU
		{64D406D9-E5D3-4AC3-9C71-57D792569980}.Release|Any CPU.Build.0 = Release|Any CPU
		{3B7DB565-0112-434D-84EE-A2B206E84C16}.Debug|Any CPU.ActiveCfg = Debug|Any CPU
		{3B7DB565-0112-434D-84EE-A2B206E84C16}.Debug|Any CPU.Build.0 = Debug|Any CPU
		{3B7DB565-0112-434D-84EE-A2B206E84C16}.Release|Any CPU.ActiveCfg = Release|Any CPU
		{3B7DB565-0112-434D-84EE-A2B206E84C16}.Release|Any CPU.Build.0 = Release|Any CPU
		{C58AEAE1-26EA-4087-8BD6-C8DEAE7B3E77}.Debug|Any CPU.ActiveCfg = Debug|Any CPU
		{C58AEAE1-26EA-4087-8BD6-C8DEAE7B3E77}.Debug|Any CPU.Build.0 = Debug|Any CPU
		{C58AEAE1-26EA-4087-8BD6-C8DEAE7B3E77}.Release|Any CPU.ActiveCfg = Release|Any CPU
		{C58AEAE1-26EA-4087-8BD6-C8DEAE7B3E77}.Release|Any CPU.Build.0 = Release|Any CPU
		{D3616961-1B55-473D-A346-B5C0B7C948D4}.Debug|Any CPU.ActiveCfg = Debug|Any CPU
		{D3616961-1B55-473D-A346-B5C0B7C948D4}.Debug|Any CPU.Build.0 = Debug|Any CPU
		{D3616961-1B55-473D-A346-B5C0B7C948D4}.Release|Any CPU.ActiveCfg = Release|Any CPU
		{D3616961-1B55-473D-A346-B5C0B7C948D4}.Release|Any CPU.Build.0 = Release|Any CPU
		{073D3734-E0E0-41F8-B490-8B893FD8DBAC}.Debug|Any CPU.ActiveCfg = Debug|Any CPU
		{073D3734-E0E0-41F8-B490-8B893FD8DBAC}.Debug|Any CPU.Build.0 = Debug|Any CPU
		{073D3734-E0E0-41F8-B490-8B893FD8DBAC}.Release|Any CPU.ActiveCfg = Release|Any CPU
		{073D3734-E0E0-41F8-B490-8B893FD8DBAC}.Release|Any CPU.Build.0 = Release|Any CPU
		{EA3FF769-7BAD-40AB-9ABE-96ABE4E0BE13}.Debug|Any CPU.ActiveCfg = Debug|Any CPU
		{EA3FF769-7BAD-40AB-9ABE-96ABE4E0BE13}.Debug|Any CPU.Build.0 = Debug|Any CPU
		{EA3FF769-7BAD-40AB-9ABE-96ABE4E0BE13}.Debug|Any CPU.Deploy.0 = Debug|Any CPU
		{EA3FF769-7BAD-40AB-9ABE-96ABE4E0BE13}.Release|Any CPU.ActiveCfg = Release|Any CPU
		{EA3FF769-7BAD-40AB-9ABE-96ABE4E0BE13}.Release|Any CPU.Build.0 = Release|Any CPU
		{EA3FF769-7BAD-40AB-9ABE-96ABE4E0BE13}.Release|Any CPU.Deploy.0 = Release|Any CPU
	EndGlobalSection
	GlobalSection(SolutionProperties) = preSolution
		HideSolutionNode = FALSE
	EndGlobalSection
	GlobalSection(NestedProjects) = preSolution
		{4A6A884D-D67B-4164-ABD7-8490D3811767} = {D34D4469-0B89-48EB-83C9-822EC00CE86B}
		{5D75FCF5-00F5-440B-A889-2EC565FEDA41} = {D34D4469-0B89-48EB-83C9-822EC00CE86B}
	EndGlobalSection
	GlobalSection(ExtensibilityGlobals) = postSolution
		SolutionGuid = {4C3066C5-7EFE-4654-B4EA-488B62CA8170}
	EndGlobalSection
EndGlobal
