
Microsoft Visual Studio Solution File, Format Version 12.00
# Visual Studio Version 16
VisualStudioVersion = 16.0.29418.71
MinimumVisualStudioVersion = 10.0.40219.1
Project("{FAE04EC0-301F-11D3-BF4B-00C04F79EFBC}") = "PrestamosMVC5", "PrestamosMVC5\PrestamosMVC5.csproj", "{B76A0B71-46B7-4F1E-B0F2-A88E00BFED02}"
EndProject
Project("{FAE04EC0-301F-11D3-BF4B-00C04F79EFBC}") = "PrestamoEntidades", "PrestamoEntidades\PrestamoEntidades.csproj", "{64D406D9-E5D3-4AC3-9C71-57D792569980}"
EndProject
Global
	GlobalSection(SolutionConfigurationPlatforms) = preSolution
		Debug|Any CPU = Debug|Any CPU
		Release|Any CPU = Release|Any CPU
	EndGlobalSection
	GlobalSection(ProjectConfigurationPlatforms) = postSolution
		{B76A0B71-46B7-4F1E-B0F2-A88E00BFED02}.Debug|Any CPU.ActiveCfg = Debug|Any CPU
		{B76A0B71-46B7-4F1E-B0F2-A88E00BFED02}.Debug|Any CPU.Build.0 = Debug|Any CPU
		{B76A0B71-46B7-4F1E-B0F2-A88E00BFED02}.Release|Any CPU.ActiveCfg = Release|Any CPU
		{B76A0B71-46B7-4F1E-B0F2-A88E00BFED02}.Release|Any CPU.Build.0 = Release|Any CPU
		{64D406D9-E5D3-4AC3-9C71-57D792569980}.Debug|Any CPU.ActiveCfg = Debug|Any CPU
		{64D406D9-E5D3-4AC3-9C71-57D792569980}.Debug|Any CPU.Build.0 = Debug|Any CPU
		{64D406D9-E5D3-4AC3-9C71-57D792569980}.Release|Any CPU.ActiveCfg = Release|Any CPU
		{64D406D9-E5D3-4AC3-9C71-57D792569980}.Release|Any CPU.Build.0 = Release|Any CPU
	EndGlobalSection
	GlobalSection(SolutionProperties) = preSolution
		HideSolutionNode = FALSE
	EndGlobalSection
	GlobalSection(ExtensibilityGlobals) = postSolution
		SolutionGuid = {4C3066C5-7EFE-4654-B4EA-488B62CA8170}
	EndGlobalSection
EndGlobal
