
Microsoft Visual Studio Solution File, Format Version 12.00
# Visual Studio Version 16
VisualStudioVersion = 16.0.29418.71
MinimumVisualStudioVersion = 10.0.40219.1
Project("{FAE04EC0-301F-11D3-BF4B-00C04F79EFBC}") = "PrestamosMVC5", "PrestamosMVC5\PrestamosMVC5.csproj", "{B76A0B71-46B7-4F1E-B0F2-A88E00BFED02}"
EndProject
Project("{FAE04EC0-301F-11D3-BF4B-00C04F79EFBC}") = "PrestamoBLL", "PrestamoBLL\PrestamoBLL.csproj", "{C58AEAE1-26EA-4087-8BD6-C8DEAE7B3E77}"
EndProject
Project("{FAE04EC0-301F-11D3-BF4B-00C04F79EFBC}") = "PrestamoBLLTests", "PrestamoBLLTests\PrestamoBLLTests.csproj", "{073D3734-E0E0-41F8-B490-8B893FD8DBAC}"
EndProject
Project("{2150E333-8FDC-42A3-9474-1A3956D46DE8}") = "SharedDLL", "SharedDLL", "{D34D4469-0B89-48EB-83C9-822EC00CE86B}"
	ProjectSection(SolutionItems) = preProject
		SharedDLL\EMTSoft\emtSoft.DAL.dll = SharedDLL\EMTSoft\emtSoft.DAL.dll
		SharedDLL\EMTSoft\emtSoft.DAL.pdb = SharedDLL\EMTSoft\emtSoft.DAL.pdb
	EndProjectSection
EndProject
Project("{2150E333-8FDC-42A3-9474-1A3956D46DE8}") = "EMTSoft", "EMTSoft", "{4A6A884D-D67B-4164-ABD7-8490D3811767}"
	ProjectSection(SolutionItems) = preProject
		SharedDLL\EMTSoft\emtSoft.BaseBLL.dll = SharedDLL\EMTSoft\emtSoft.BaseBLL.dll
		SharedDLL\EMTSoft\emtSoft.BaseClasses.dll = SharedDLL\EMTSoft\emtSoft.BaseClasses.dll
		SharedDLL\EMTSoft\emtSoft.DAL.dll = SharedDLL\EMTSoft\emtSoft.DAL.dll
		SharedDLL\EMTSoft\emtSoft.DAL.pdb = SharedDLL\EMTSoft\emtSoft.DAL.pdb
		SharedDLL\EMTSoft\emtSoft.emtControls.dll = SharedDLL\EMTSoft\emtSoft.emtControls.dll
		SharedDLL\EMTSoft\emtSoft.emtUtils.dll = SharedDLL\EMTSoft\emtSoft.emtUtils.dll
		SharedDLL\EMTSoft\emtSoft.SqlDAL.dll = SharedDLL\EMTSoft\emtSoft.SqlDAL.dll
		SharedDLL\EMTSoft\emtsys.dll = SharedDLL\EMTSoft\emtsys.dll
		SharedDLL\EMTSoft\Ionic.Utils.Zip.dll = SharedDLL\EMTSoft\Ionic.Utils.Zip.dll
		SharedDLL\EMTSoft\Net.SourceForge.Koogra.dll = SharedDLL\EMTSoft\Net.SourceForge.Koogra.dll
	EndProjectSection
EndProject
Project("{2150E333-8FDC-42A3-9474-1A3956D46DE8}") = "PcProg", "PcProg", "{5D75FCF5-00F5-440B-A889-2EC565FEDA41}"
	ProjectSection(SolutionItems) = preProject
		SharedDLL\PcProg\PcProg.Dal.dll = SharedDLL\PcProg\PcProg.Dal.dll
		SharedDLL\PcProg\PcProg.DAL.dll.config = SharedDLL\PcProg\PcProg.DAL.dll.config
		SharedDLL\PcProg\PcProg.DAL.pdb = SharedDLL\PcProg\PcProg.DAL.pdb
		SharedDLL\PcProg\PcProgSys.dll = SharedDLL\PcProg\PcProgSys.dll
		SharedDLL\PcProg\PcProgSys.dll.config = SharedDLL\PcProg\PcProgSys.dll.config
		SharedDLL\PcProg\PcProgSys.pdb = SharedDLL\PcProg\PcProgSys.pdb
		SharedDLL\PcProg\PcProgSys.XML = SharedDLL\PcProg\PcProgSys.XML
	EndProjectSection
EndProject
Project("{00D1A9C2-B5F0-4AF3-8072-F6C62B433612}") = "PrestamoDB", "PrestamoDB\PrestamoDB.sqlproj", "{EA3FF769-7BAD-40AB-9ABE-96ABE4E0BE13}"
EndProject
Project("{2150E333-8FDC-42A3-9474-1A3956D46DE8}") = "Propuestas al sistema", "Propuestas al sistema", "{EF60E548-289E-4266-94F6-D9421CBD7326}"
	ProjectSection(SolutionItems) = preProject
		Propuestas al sistema\Analizando sobre los negocios confederados.rtf = Propuestas al sistema\Analizando sobre los negocios confederados.rtf
		Propuestas al sistema\CacheData.txt = Propuestas al sistema\CacheData.txt
		Propuestas al sistema\Casos raros en aspnet.txt = Propuestas al sistema\Casos raros en aspnet.txt
		Propuestas al sistema\Decisiones Urgentes para el desarrollo.rtf = Propuestas al sistema\Decisiones Urgentes para el desarrollo.rtf
		Propuestas al sistema\Interface no grafica para informe deuda de prestamo.rtf = Propuestas al sistema\Interface no grafica para informe deuda de prestamo.rtf
		Propuestas al sistema\manejo contable operaciones.rtf = Propuestas al sistema\manejo contable operaciones.rtf
		Propuestas al sistema\Manejo de la cuotas-pagos-debitos-creditos.rtf = Propuestas al sistema\Manejo de la cuotas-pagos-debitos-creditos.rtf
		Propuestas al sistema\Registros de ingresos en otras sucursales.txt = Propuestas al sistema\Registros de ingresos en otras sucursales.txt
		Propuestas al sistema\sobre las cuotas.rtf = Propuestas al sistema\sobre las cuotas.rtf
		Propuestas al sistema\Sobre manejo de imagenes.rtf = Propuestas al sistema\Sobre manejo de imagenes.rtf
		Propuestas al sistema\sobre seguimiento de errores.rtf = Propuestas al sistema\sobre seguimiento de errores.rtf
		Propuestas al sistema\visual Federacion Imagen 1 sistemas pcp prestamo.docx = Propuestas al sistema\visual Federacion Imagen 1 sistemas pcp prestamo.docx
	EndProjectSection
EndProject
Project("{9A19103F-16F7-4668-BE54-9A1E7A4F7556}") = "PrestamoWS", "PrestamoWS\PrestamoWS.csproj", "{0D8B1E76-2BD8-479B-A7A8-F88B4762548D}"
EndProject
Project("{9A19103F-16F7-4668-BE54-9A1E7A4F7556}") = "PrestamoBlazorApp", "PrestamoBlazorApp\PrestamoBlazorApp.csproj", "{E020BFC4-E55C-4FB7-8B18-FB807FF8A132}"
EndProject
Project("{FAE04EC0-301F-11D3-BF4B-00C04F79EFBC}") = "WSPrestamo", "WSPrestamo\WSPrestamo.csproj", "{979E83A2-C736-4F96-95E7-02BF3AFFD77D}"
EndProject
Project("{9A19103F-16F7-4668-BE54-9A1E7A4F7556}") = "BlazorUtilsLibrary", "BlazorUtilsLibrary\BlazorUtilsLibrary.csproj", "{0028AFDA-CAB8-4D1F-BBDA-E0C6A233619F}"
EndProject
Project("{2150E333-8FDC-42A3-9474-1A3956D46DE8}") = "Situaciones del Hosting y IIS", "Situaciones del Hosting y IIS", "{2E30095D-EB98-49EE-8E4E-AD9378B99018}"
	ProjectSection(SolutionItems) = preProject
		carpeta imageFor.txt = carpeta imageFor.txt
		Propuestas al sistema\Errores especiales.rtf = Propuestas al sistema\Errores especiales.rtf
	EndProjectSection
EndProject
Project("{FAE04EC0-301F-11D3-BF4B-00C04F79EFBC}") = "PcpUtilidades", "PcpUtilidades\PcpUtilidades.csproj", "{C7394D72-A7B4-495B-B1BD-8D46E8435A12}"
EndProject
Project("{FAE04EC0-301F-11D3-BF4B-00C04F79EFBC}") = "PrestamoEntidades", "PrestamoEntidades\PrestamoEntidades.csproj", "{F4A2334D-23A4-4700-B058-D8206A54E547}"
EndProject
Global
	GlobalSection(SolutionConfigurationPlatforms) = preSolution
		Abdiel|Any CPU = Abdiel|Any CPU
		Debug|Any CPU = Debug|Any CPU
		Release|Any CPU = Release|Any CPU
	EndGlobalSection
	GlobalSection(ProjectConfigurationPlatforms) = postSolution
		{B76A0B71-46B7-4F1E-B0F2-A88E00BFED02}.Abdiel|Any CPU.ActiveCfg = Release|Any CPU
		{B76A0B71-46B7-4F1E-B0F2-A88E00BFED02}.Abdiel|Any CPU.Build.0 = Release|Any CPU
		{B76A0B71-46B7-4F1E-B0F2-A88E00BFED02}.Debug|Any CPU.ActiveCfg = Debug|Any CPU
		{B76A0B71-46B7-4F1E-B0F2-A88E00BFED02}.Debug|Any CPU.Build.0 = Debug|Any CPU
		{B76A0B71-46B7-4F1E-B0F2-A88E00BFED02}.Release|Any CPU.ActiveCfg = Release|Any CPU
		{B76A0B71-46B7-4F1E-B0F2-A88E00BFED02}.Release|Any CPU.Build.0 = Release|Any CPU
		{C58AEAE1-26EA-4087-8BD6-C8DEAE7B3E77}.Abdiel|Any CPU.ActiveCfg = Abdiel|Any CPU
		{C58AEAE1-26EA-4087-8BD6-C8DEAE7B3E77}.Abdiel|Any CPU.Build.0 = Abdiel|Any CPU
		{C58AEAE1-26EA-4087-8BD6-C8DEAE7B3E77}.Debug|Any CPU.ActiveCfg = Debug|Any CPU
		{C58AEAE1-26EA-4087-8BD6-C8DEAE7B3E77}.Debug|Any CPU.Build.0 = Debug|Any CPU
		{C58AEAE1-26EA-4087-8BD6-C8DEAE7B3E77}.Release|Any CPU.ActiveCfg = Release|Any CPU
		{C58AEAE1-26EA-4087-8BD6-C8DEAE7B3E77}.Release|Any CPU.Build.0 = Release|Any CPU
		{073D3734-E0E0-41F8-B490-8B893FD8DBAC}.Abdiel|Any CPU.ActiveCfg = Abdiel|Any CPU
		{073D3734-E0E0-41F8-B490-8B893FD8DBAC}.Abdiel|Any CPU.Build.0 = Abdiel|Any CPU
		{073D3734-E0E0-41F8-B490-8B893FD8DBAC}.Debug|Any CPU.ActiveCfg = Debug|Any CPU
		{073D3734-E0E0-41F8-B490-8B893FD8DBAC}.Debug|Any CPU.Build.0 = Debug|Any CPU
		{073D3734-E0E0-41F8-B490-8B893FD8DBAC}.Release|Any CPU.ActiveCfg = Release|Any CPU
		{073D3734-E0E0-41F8-B490-8B893FD8DBAC}.Release|Any CPU.Build.0 = Release|Any CPU
		{EA3FF769-7BAD-40AB-9ABE-96ABE4E0BE13}.Abdiel|Any CPU.ActiveCfg = Abdiel|Any CPU
		{EA3FF769-7BAD-40AB-9ABE-96ABE4E0BE13}.Abdiel|Any CPU.Build.0 = Abdiel|Any CPU
		{EA3FF769-7BAD-40AB-9ABE-96ABE4E0BE13}.Abdiel|Any CPU.Deploy.0 = Abdiel|Any CPU
		{EA3FF769-7BAD-40AB-9ABE-96ABE4E0BE13}.Debug|Any CPU.ActiveCfg = Debug|Any CPU
		{EA3FF769-7BAD-40AB-9ABE-96ABE4E0BE13}.Debug|Any CPU.Build.0 = Debug|Any CPU
		{EA3FF769-7BAD-40AB-9ABE-96ABE4E0BE13}.Debug|Any CPU.Deploy.0 = Debug|Any CPU
		{EA3FF769-7BAD-40AB-9ABE-96ABE4E0BE13}.Release|Any CPU.ActiveCfg = Release|Any CPU
		{EA3FF769-7BAD-40AB-9ABE-96ABE4E0BE13}.Release|Any CPU.Build.0 = Release|Any CPU
		{EA3FF769-7BAD-40AB-9ABE-96ABE4E0BE13}.Release|Any CPU.Deploy.0 = Release|Any CPU
		{0D8B1E76-2BD8-479B-A7A8-F88B4762548D}.Abdiel|Any CPU.ActiveCfg = Debug|Any CPU
		{0D8B1E76-2BD8-479B-A7A8-F88B4762548D}.Abdiel|Any CPU.Build.0 = Debug|Any CPU
		{0D8B1E76-2BD8-479B-A7A8-F88B4762548D}.Debug|Any CPU.ActiveCfg = Debug|Any CPU
		{0D8B1E76-2BD8-479B-A7A8-F88B4762548D}.Debug|Any CPU.Build.0 = Debug|Any CPU
		{0D8B1E76-2BD8-479B-A7A8-F88B4762548D}.Release|Any CPU.ActiveCfg = Release|Any CPU
		{0D8B1E76-2BD8-479B-A7A8-F88B4762548D}.Release|Any CPU.Build.0 = Release|Any CPU
		{E020BFC4-E55C-4FB7-8B18-FB807FF8A132}.Abdiel|Any CPU.ActiveCfg = Debug|Any CPU
		{E020BFC4-E55C-4FB7-8B18-FB807FF8A132}.Abdiel|Any CPU.Build.0 = Debug|Any CPU
		{E020BFC4-E55C-4FB7-8B18-FB807FF8A132}.Debug|Any CPU.ActiveCfg = Debug|Any CPU
		{E020BFC4-E55C-4FB7-8B18-FB807FF8A132}.Debug|Any CPU.Build.0 = Debug|Any CPU
		{E020BFC4-E55C-4FB7-8B18-FB807FF8A132}.Release|Any CPU.ActiveCfg = Release|Any CPU
		{E020BFC4-E55C-4FB7-8B18-FB807FF8A132}.Release|Any CPU.Build.0 = Release|Any CPU
		{979E83A2-C736-4F96-95E7-02BF3AFFD77D}.Abdiel|Any CPU.ActiveCfg = Debug|Any CPU
		{979E83A2-C736-4F96-95E7-02BF3AFFD77D}.Abdiel|Any CPU.Build.0 = Debug|Any CPU
		{979E83A2-C736-4F96-95E7-02BF3AFFD77D}.Debug|Any CPU.ActiveCfg = Debug|Any CPU
		{979E83A2-C736-4F96-95E7-02BF3AFFD77D}.Debug|Any CPU.Build.0 = Debug|Any CPU
		{979E83A2-C736-4F96-95E7-02BF3AFFD77D}.Release|Any CPU.ActiveCfg = Release|Any CPU
		{979E83A2-C736-4F96-95E7-02BF3AFFD77D}.Release|Any CPU.Build.0 = Release|Any CPU
		{0028AFDA-CAB8-4D1F-BBDA-E0C6A233619F}.Abdiel|Any CPU.ActiveCfg = Debug|Any CPU
		{0028AFDA-CAB8-4D1F-BBDA-E0C6A233619F}.Abdiel|Any CPU.Build.0 = Debug|Any CPU
		{0028AFDA-CAB8-4D1F-BBDA-E0C6A233619F}.Debug|Any CPU.ActiveCfg = Debug|Any CPU
		{0028AFDA-CAB8-4D1F-BBDA-E0C6A233619F}.Debug|Any CPU.Build.0 = Debug|Any CPU
		{0028AFDA-CAB8-4D1F-BBDA-E0C6A233619F}.Release|Any CPU.ActiveCfg = Release|Any CPU
		{0028AFDA-CAB8-4D1F-BBDA-E0C6A233619F}.Release|Any CPU.Build.0 = Release|Any CPU
		{C7394D72-A7B4-495B-B1BD-8D46E8435A12}.Abdiel|Any CPU.ActiveCfg = Debug|Any CPU
		{C7394D72-A7B4-495B-B1BD-8D46E8435A12}.Abdiel|Any CPU.Build.0 = Debug|Any CPU
		{C7394D72-A7B4-495B-B1BD-8D46E8435A12}.Debug|Any CPU.ActiveCfg = Debug|Any CPU
		{C7394D72-A7B4-495B-B1BD-8D46E8435A12}.Debug|Any CPU.Build.0 = Debug|Any CPU
		{C7394D72-A7B4-495B-B1BD-8D46E8435A12}.Release|Any CPU.ActiveCfg = Release|Any CPU
		{C7394D72-A7B4-495B-B1BD-8D46E8435A12}.Release|Any CPU.Build.0 = Release|Any CPU
		{F4A2334D-23A4-4700-B058-D8206A54E547}.Abdiel|Any CPU.ActiveCfg = Debug|Any CPU
		{F4A2334D-23A4-4700-B058-D8206A54E547}.Abdiel|Any CPU.Build.0 = Debug|Any CPU
		{F4A2334D-23A4-4700-B058-D8206A54E547}.Debug|Any CPU.ActiveCfg = Debug|Any CPU
		{F4A2334D-23A4-4700-B058-D8206A54E547}.Debug|Any CPU.Build.0 = Debug|Any CPU
		{F4A2334D-23A4-4700-B058-D8206A54E547}.Release|Any CPU.ActiveCfg = Release|Any CPU
		{F4A2334D-23A4-4700-B058-D8206A54E547}.Release|Any CPU.Build.0 = Release|Any CPU
	EndGlobalSection
	GlobalSection(SolutionProperties) = preSolution
		HideSolutionNode = FALSE
	EndGlobalSection
	GlobalSection(NestedProjects) = preSolution
		{4A6A884D-D67B-4164-ABD7-8490D3811767} = {D34D4469-0B89-48EB-83C9-822EC00CE86B}
		{5D75FCF5-00F5-440B-A889-2EC565FEDA41} = {D34D4469-0B89-48EB-83C9-822EC00CE86B}
	EndGlobalSection
	GlobalSection(ExtensibilityGlobals) = postSolution
		SolutionGuid = {4C3066C5-7EFE-4654-B4EA-488B62CA8170}
	EndGlobalSection
EndGlobal
